<Solution>
  <Folder Name="/src/">
    <Project Path="src/Swtor.App/Swtor.App.csproj" />
    <Project Path="src/Swtor.Assets/Swtor.Assets.csproj" />
    <Project Path="src/Swtor.Cli/Swtor.Cli.csproj" />
    <Project Path="src/Swtor.Formats/Swtor.Formats.csproj" />
  </Folder>
  <Folder Name="/tests/">
    <Project Path="tests/Swtor.Tests/Swtor.Tests.csproj" />
  </Folder>
</Solution>
